
Microsoft Visual Studio Solution File, Format Version 12.00
# Visual Studio Version 17
VisualStudioVersion = 17.12.35707.178
MinimumVisualStudioVersion = 10.0.40219.1
Project("{FAE04EC0-301F-11D3-BF4B-00C04F79EFBC}") = "SilkierQuartzEasyConfig", "SilkierQuartzEasyConfig\SilkierQuartzEasyConfig.csproj", "{0DA7A0B4-6A35-40A8-9AB9-2EB9345C8ED6}"
EndProject
Global
	GlobalSection(SolutionConfigurationPlatforms) = preSolution
		Debug|Any CPU = Debug|Any CPU
		Release|Any CPU = Release|Any CPU
	EndGlobalSection
	GlobalSection(ProjectConfigurationPlatforms) = postSolution
		{0DA7A0B4-6A35-40A8-9AB9-2EB9345C8ED6}.Debug|Any CPU.ActiveCfg = Debug|Any CPU
		{0DA7A0B4-6A35-40A8-9AB9-2EB9345C8ED6}.Debug|Any CPU.Build.0 = Debug|Any CPU
		{0DA7A0B4-6A35-40A8-9AB9-2EB9345C8ED6}.Release|Any CPU.ActiveCfg = Release|Any CPU
		{0DA7A0B4-6A35-40A8-9AB9-2EB9345C8ED6}.Release|Any CPU.Build.0 = Release|Any CPU
	EndGlobalSection
	GlobalSection(SolutionProperties) = preSolution
		HideSolutionNode = FALSE
	EndGlobalSection
EndGlobal
